{
  "name": "npm-workspace-example",
  "version": "1.0.0",
  "lockfileVersion": 2,
  "requires": true,
  "packages": {
    "": {
      "version": "1.0.0",
      "license": "MIT",
      "workspaces": [
        "packages/*"
      ]
    },
    "node_modules/dep-a": {
      "resolved": "packages/dep-a",
      "link": true
    },
    "node_modules/dep-b": {
      "resolved": "packages/dep-b",
      "link": true
    },
    "packages/dep-a": {
      "version": "1.0.0",
      "license": "MIT",
      "dependencies": {
        "dep-b": "^1.0.0"
      }
    },
    "packages/dep-b": {
      "version": "1.0.0",
      "license": "MIT"
    }
  },
  "dependencies": {
    "dep-a": {
      "version": "file:packages/dep-a",
      "requires": {
        "dep-b": "^1.0.0"
      }
    },
    "dep-b": {
      "version": "file:packages/dep-b"
    }
  }
}
